
Microsoft Visual Studio Solution File, Format Version 12.00
# Visual Studio Version 17
VisualStudioVersion = 17.0.31919.166
MinimumVisualStudioVersion = 10.0.40219.1
Project("{9A19103F-16F7-4668-BE54-9A1E7A4F7556}") = "AdventOfCode.Day1", "AdventOfCode.Day1\AdventOfCode.Day1.csproj", "{E31D40ED-864E-4A6F-B0EB-11077ECBA9FC}"
EndProject
Project("{9A19103F-16F7-4668-BE54-9A1E7A4F7556}") = "AdventOfCode.Day2", "AdventOfCode.Day2\AdventOfCode.Day2.csproj", "{1440EAAB-CC06-4824-84AE-3EAA37A7D705}"
EndProject
Project("{9A19103F-16F7-4668-BE54-9A1E7A4F7556}") = "AdventOfCode.Day3", "AdventOfCode.Day3\AdventOfCode.Day3.csproj", "{85FE5F9C-DDFE-4C43-AD34-D538EE02F571}"
EndProject
Project("{9A19103F-16F7-4668-BE54-9A1E7A4F7556}") = "AdventOfCode.Day3.Tests", "AdventOfCode.Day3.Tests\AdventOfCode.Day3.Tests.csproj", "{3D6FE136-F7F2-4CA8-9EC6-23269786D40A}"
EndProject
Project("{9A19103F-16F7-4668-BE54-9A1E7A4F7556}") = "AdventOfCode.Day4", "AdventOfCode.Day4\AdventOfCode.Day4.csproj", "{1D81B4FD-B987-4A5B-9DAF-DE0115C16DF3}"
EndProject
Project("{9A19103F-16F7-4668-BE54-9A1E7A4F7556}") = "AdventOfCode.Day5", "AdventOfCode.Day5\AdventOfCode.Day5.csproj", "{DED23969-41BC-4DC3-B063-413AEA42FBFF}"
EndProject
Project("{9A19103F-16F7-4668-BE54-9A1E7A4F7556}") = "AdventOfCode.Day6", "AdventOfCode.Day6\AdventOfCode.Day6.csproj", "{02B0FC72-3EC7-461F-80D5-B97BAF518EE5}"
EndProject
Project("{9A19103F-16F7-4668-BE54-9A1E7A4F7556}") = "AdventOfCode.Day7", "AdventOfCode.Day7\AdventOfCode.Day7.csproj", "{948DE014-F546-4454-9E28-9EB7C64CC981}"
EndProject
Project("{9A19103F-16F7-4668-BE54-9A1E7A4F7556}") = "AdventOfCode.Day8", "AdventOfCode.Day8\AdventOfCode.Day8.csproj", "{7EB13BB8-DF65-4C36-86B9-F7A71AE7F87F}"
EndProject
Project("{9A19103F-16F7-4668-BE54-9A1E7A4F7556}") = "AdventOfCode.Day9", "AdventOfCode.Day9\AdventOfCode.Day9.csproj", "{26FA6E37-A6B3-499A-B87B-DA48185B6E2D}"
EndProject
Project("{9A19103F-16F7-4668-BE54-9A1E7A4F7556}") = "AdventOfCode.Day9.Tests", "AdventOfCode.Day9.Tests\AdventOfCode.Day9.Tests.csproj", "{E917B0DB-CA28-4687-B110-88F4A928EEF7}"
EndProject
Project("{9A19103F-16F7-4668-BE54-9A1E7A4F7556}") = "AdventOfCode.Day10", "AdventOfCode.Day10\AdventOfCode.Day10.csproj", "{02C230E3-3E37-451D-AF00-E45382B92707}"
EndProject
Project("{9A19103F-16F7-4668-BE54-9A1E7A4F7556}") = "AdventOfCode.Day10.Tests", "AdventOfCode.Day10.Tests\AdventOfCode.Day10.Tests.csproj", "{A609D68E-890D-47A1-8384-0C334D2C48C9}"
EndProject
Project("{9A19103F-16F7-4668-BE54-9A1E7A4F7556}") = "AdventOfCode.Day11", "AdventOfCode.Day11\AdventOfCode.Day11.csproj", "{343BFA15-A1D5-4952-A770-C8DDFDB32B53}"
EndProject
Project("{9A19103F-16F7-4668-BE54-9A1E7A4F7556}") = "AdventOfCode.Day11.Tests", "AdventOfCode.Day11.Tests\AdventOfCode.Day11.Tests.csproj", "{C051D69A-9E25-450E-B806-FD8E383D73D4}"
EndProject
Project("{9A19103F-16F7-4668-BE54-9A1E7A4F7556}") = "AdventOfCode.Day12", "AdventOfCode.Day12\AdventOfCode.Day12.csproj", "{9270A656-EC40-4AE1-BEF2-E39B33EBB583}"
EndProject
Project("{9A19103F-16F7-4668-BE54-9A1E7A4F7556}") = "AdventOfCode.Day12.Tests", "AdventOfCode.Day12.Tests\AdventOfCode.Day12.Tests.csproj", "{3321F352-E2C2-447B-A636-03D664C2FC6E}"
EndProject
Project("{FAE04EC0-301F-11D3-BF4B-00C04F79EFBC}") = "AdventOfCode.Day13", "AdventOfCode.Day13\AdventOfCode.Day13.csproj", "{7599695B-EE02-436B-834A-38FB4A1E78AD}"
EndProject
Project("{FAE04EC0-301F-11D3-BF4B-00C04F79EFBC}") = "AdventOfCode.Day13.Tests", "AdventOfCode.Day13.Tests\AdventOfCode.Day13.Tests.csproj", "{9060603D-9AA9-4E87-8C52-DC08B87F3855}"
EndProject
Project("{FAE04EC0-301F-11D3-BF4B-00C04F79EFBC}") = "AdventOfCode.Day14", "AdventOfCode.Day14\AdventOfCode.Day14.csproj", "{22E4CAC9-BC20-44E4-A26B-7D392455AA5F}"
EndProject
Global
	GlobalSection(SolutionConfigurationPlatforms) = preSolution
		Debug|Any CPU = Debug|Any CPU
		Release|Any CPU = Release|Any CPU
	EndGlobalSection
	GlobalSection(ProjectConfigurationPlatforms) = postSolution
		{E31D40ED-864E-4A6F-B0EB-11077ECBA9FC}.Debug|Any CPU.ActiveCfg = Debug|Any CPU
		{E31D40ED-864E-4A6F-B0EB-11077ECBA9FC}.Debug|Any CPU.Build.0 = Debug|Any CPU
		{E31D40ED-864E-4A6F-B0EB-11077ECBA9FC}.Release|Any CPU.ActiveCfg = Release|Any CPU
		{E31D40ED-864E-4A6F-B0EB-11077ECBA9FC}.Release|Any CPU.Build.0 = Release|Any CPU
		{1440EAAB-CC06-4824-84AE-3EAA37A7D705}.Debug|Any CPU.ActiveCfg = Debug|Any CPU
		{1440EAAB-CC06-4824-84AE-3EAA37A7D705}.Debug|Any CPU.Build.0 = Debug|Any CPU
		{1440EAAB-CC06-4824-84AE-3EAA37A7D705}.Release|Any CPU.ActiveCfg = Release|Any CPU
		{1440EAAB-CC06-4824-84AE-3EAA37A7D705}.Release|Any CPU.Build.0 = Release|Any CPU
		{85FE5F9C-DDFE-4C43-AD34-D538EE02F571}.Debug|Any CPU.ActiveCfg = Debug|Any CPU
		{85FE5F9C-DDFE-4C43-AD34-D538EE02F571}.Debug|Any CPU.Build.0 = Debug|Any CPU
		{85FE5F9C-DDFE-4C43-AD34-D538EE02F571}.Release|Any CPU.ActiveCfg = Release|Any CPU
		{85FE5F9C-DDFE-4C43-AD34-D538EE02F571}.Release|Any CPU.Build.0 = Release|Any CPU
		{3D6FE136-F7F2-4CA8-9EC6-23269786D40A}.Debug|Any CPU.ActiveCfg = Debug|Any CPU
		{3D6FE136-F7F2-4CA8-9EC6-23269786D40A}.Debug|Any CPU.Build.0 = Debug|Any CPU
		{3D6FE136-F7F2-4CA8-9EC6-23269786D40A}.Release|Any CPU.ActiveCfg = Release|Any CPU
		{3D6FE136-F7F2-4CA8-9EC6-23269786D40A}.Release|Any CPU.Build.0 = Release|Any CPU
		{1D81B4FD-B987-4A5B-9DAF-DE0115C16DF3}.Debug|Any CPU.ActiveCfg = Debug|Any CPU
		{1D81B4FD-B987-4A5B-9DAF-DE0115C16DF3}.Debug|Any CPU.Build.0 = Debug|Any CPU
		{1D81B4FD-B987-4A5B-9DAF-DE0115C16DF3}.Release|Any CPU.ActiveCfg = Release|Any CPU
		{1D81B4FD-B987-4A5B-9DAF-DE0115C16DF3}.Release|Any CPU.Build.0 = Release|Any CPU
		{DED23969-41BC-4DC3-B063-413AEA42FBFF}.Debug|Any CPU.ActiveCfg = Debug|Any CPU
		{DED23969-41BC-4DC3-B063-413AEA42FBFF}.Debug|Any CPU.Build.0 = Debug|Any CPU
		{DED23969-41BC-4DC3-B063-413AEA42FBFF}.Release|Any CPU.ActiveCfg = Release|Any CPU
		{DED23969-41BC-4DC3-B063-413AEA42FBFF}.Release|Any CPU.Build.0 = Release|Any CPU
		{02B0FC72-3EC7-461F-80D5-B97BAF518EE5}.Debug|Any CPU.ActiveCfg = Debug|Any CPU
		{02B0FC72-3EC7-461F-80D5-B97BAF518EE5}.Debug|Any CPU.Build.0 = Debug|Any CPU
		{02B0FC72-3EC7-461F-80D5-B97BAF518EE5}.Release|Any CPU.ActiveCfg = Release|Any CPU
		{02B0FC72-3EC7-461F-80D5-B97BAF518EE5}.Release|Any CPU.Build.0 = Release|Any CPU
		{948DE014-F546-4454-9E28-9EB7C64CC981}.Debug|Any CPU.ActiveCfg = Debug|Any CPU
		{948DE014-F546-4454-9E28-9EB7C64CC981}.Debug|Any CPU.Build.0 = Debug|Any CPU
		{948DE014-F546-4454-9E28-9EB7C64CC981}.Release|Any CPU.ActiveCfg = Release|Any CPU
		{948DE014-F546-4454-9E28-9EB7C64CC981}.Release|Any CPU.Build.0 = Release|Any CPU
		{7EB13BB8-DF65-4C36-86B9-F7A71AE7F87F}.Debug|Any CPU.ActiveCfg = Debug|Any CPU
		{7EB13BB8-DF65-4C36-86B9-F7A71AE7F87F}.Debug|Any CPU.Build.0 = Debug|Any CPU
		{7EB13BB8-DF65-4C36-86B9-F7A71AE7F87F}.Release|Any CPU.ActiveCfg = Release|Any CPU
		{7EB13BB8-DF65-4C36-86B9-F7A71AE7F87F}.Release|Any CPU.Build.0 = Release|Any CPU
		{26FA6E37-A6B3-499A-B87B-DA48185B6E2D}.Debug|Any CPU.ActiveCfg = Debug|Any CPU
		{26FA6E37-A6B3-499A-B87B-DA48185B6E2D}.Debug|Any CPU.Build.0 = Debug|Any CPU
		{26FA6E37-A6B3-499A-B87B-DA48185B6E2D}.Release|Any CPU.ActiveCfg = Release|Any CPU
		{26FA6E37-A6B3-499A-B87B-DA48185B6E2D}.Release|Any CPU.Build.0 = Release|Any CPU
		{E917B0DB-CA28-4687-B110-88F4A928EEF7}.Debug|Any CPU.ActiveCfg = Debug|Any CPU
		{E917B0DB-CA28-4687-B110-88F4A928EEF7}.Debug|Any CPU.Build.0 = Debug|Any CPU
		{E917B0DB-CA28-4687-B110-88F4A928EEF7}.Release|Any CPU.ActiveCfg = Release|Any CPU
		{E917B0DB-CA28-4687-B110-88F4A928EEF7}.Release|Any CPU.Build.0 = Release|Any CPU
		{02C230E3-3E37-451D-AF00-E45382B92707}.Debug|Any CPU.ActiveCfg = Debug|Any CPU
		{02C230E3-3E37-451D-AF00-E45382B92707}.Debug|Any CPU.Build.0 = Debug|Any CPU
		{02C230E3-3E37-451D-AF00-E45382B92707}.Release|Any CPU.ActiveCfg = Release|Any CPU
		{02C230E3-3E37-451D-AF00-E45382B92707}.Release|Any CPU.Build.0 = Release|Any CPU
		{A609D68E-890D-47A1-8384-0C334D2C48C9}.Debug|Any CPU.ActiveCfg = Debug|Any CPU
		{A609D68E-890D-47A1-8384-0C334D2C48C9}.Debug|Any CPU.Build.0 = Debug|Any CPU
		{A609D68E-890D-47A1-8384-0C334D2C48C9}.Release|Any CPU.ActiveCfg = Release|Any CPU
		{A609D68E-890D-47A1-8384-0C334D2C48C9}.Release|Any CPU.Build.0 = Release|Any CPU
		{343BFA15-A1D5-4952-A770-C8DDFDB32B53}.Debug|Any CPU.ActiveCfg = Debug|Any CPU
		{343BFA15-A1D5-4952-A770-C8DDFDB32B53}.Debug|Any CPU.Build.0 = Debug|Any CPU
		{343BFA15-A1D5-4952-A770-C8DDFDB32B53}.Release|Any CPU.ActiveCfg = Release|Any CPU
		{343BFA15-A1D5-4952-A770-C8DDFDB32B53}.Release|Any CPU.Build.0 = Release|Any CPU
		{C051D69A-9E25-450E-B806-FD8E383D73D4}.Debug|Any CPU.ActiveCfg = Debug|Any CPU
		{C051D69A-9E25-450E-B806-FD8E383D73D4}.Debug|Any CPU.Build.0 = Debug|Any CPU
		{C051D69A-9E25-450E-B806-FD8E383D73D4}.Release|Any CPU.ActiveCfg = Release|Any CPU
		{C051D69A-9E25-450E-B806-FD8E383D73D4}.Release|Any CPU.Build.0 = Release|Any CPU
		{9270A656-EC40-4AE1-BEF2-E39B33EBB583}.Debug|Any CPU.ActiveCfg = Debug|Any CPU
		{9270A656-EC40-4AE1-BEF2-E39B33EBB583}.Debug|Any CPU.Build.0 = Debug|Any CPU
		{9270A656-EC40-4AE1-BEF2-E39B33EBB583}.Release|Any CPU.ActiveCfg = Release|Any CPU
		{9270A656-EC40-4AE1-BEF2-E39B33EBB583}.Release|Any CPU.Build.0 = Release|Any CPU
		{3321F352-E2C2-447B-A636-03D664C2FC6E}.Debug|Any CPU.ActiveCfg = Debug|Any CPU
		{3321F352-E2C2-447B-A636-03D664C2FC6E}.Debug|Any CPU.Build.0 = Debug|Any CPU
		{3321F352-E2C2-447B-A636-03D664C2FC6E}.Release|Any CPU.ActiveCfg = Release|Any CPU
		{3321F352-E2C2-447B-A636-03D664C2FC6E}.Release|Any CPU.Build.0 = Release|Any CPU
		{7599695B-EE02-436B-834A-38FB4A1E78AD}.Debug|Any CPU.ActiveCfg = Debug|Any CPU
		{7599695B-EE02-436B-834A-38FB4A1E78AD}.Debug|Any CPU.Build.0 = Debug|Any CPU
		{7599695B-EE02-436B-834A-38FB4A1E78AD}.Release|Any CPU.ActiveCfg = Release|Any CPU
		{7599695B-EE02-436B-834A-38FB4A1E78AD}.Release|Any CPU.Build.0 = Release|Any CPU
		{9060603D-9AA9-4E87-8C52-DC08B87F3855}.Debug|Any CPU.ActiveCfg = Debug|Any CPU
		{9060603D-9AA9-4E87-8C52-DC08B87F3855}.Debug|Any CPU.Build.0 = Debug|Any CPU
		{9060603D-9AA9-4E87-8C52-DC08B87F3855}.Release|Any CPU.ActiveCfg = Release|Any CPU
		{9060603D-9AA9-4E87-8C52-DC08B87F3855}.Release|Any CPU.Build.0 = Release|Any CPU
		{22E4CAC9-BC20-44E4-A26B-7D392455AA5F}.Debug|Any CPU.ActiveCfg = Debug|Any CPU
		{22E4CAC9-BC20-44E4-A26B-7D392455AA5F}.Debug|Any CPU.Build.0 = Debug|Any CPU
		{22E4CAC9-BC20-44E4-A26B-7D392455AA5F}.Release|Any CPU.ActiveCfg = Release|Any CPU
		{22E4CAC9-BC20-44E4-A26B-7D392455AA5F}.Release|Any CPU.Build.0 = Release|Any CPU
	EndGlobalSection
	GlobalSection(SolutionProperties) = preSolution
		HideSolutionNode = FALSE
	EndGlobalSection
	GlobalSection(ExtensibilityGlobals) = postSolution
		SolutionGuid = {53241C9B-FEC2-42A5-9579-5DA4B15179F6}
	EndGlobalSection
EndGlobal
